# This file is generated by running "yarn install" inside your project.
# Manual changes might be lost - proceed with caution!

__metadata:
  version: 8
  cacheKey: 10c0

"bgg-clean@workspace:packages/bgg-clean":
  version: 0.0.0-use.local
  resolution: "bgg-clean@workspace:packages/bgg-clean"
  dependencies:
    open: "npm:^9.1.0"
  languageName: unknown
  linkType: soft

"big-integer@npm:^1.6.44":
  version: 1.6.52
  resolution: "big-integer@npm:1.6.52"
  checksum: 9604224b4c2ab3c43c075d92da15863077a9f59e5d4205f4e7e76acd0cd47e8d469ec5e5dba8d9b32aa233951893b29329ca56ac80c20ce094b4a647a66abae0
  languageName: node
  linkType: hard

"bplist-parser@npm:^0.2.0":
  version: 0.2.0
  resolution: "bplist-parser@npm:0.2.0"
  dependencies:
    big-integer: "npm:^1.6.44"
  checksum: ce79c69e0f6efe506281e7c84e3712f7d12978991675b6e3a58a295b16f13ca81aa9b845c335614a545e0af728c8311b6aa3142af76ba1cb616af9bbac5c4a9f
  languageName: node
  linkType: hard

"bundle-name@npm:^3.0.0":
  version: 3.0.0
  resolution: "bundle-name@npm:3.0.0"
  dependencies:
    run-applescript: "npm:^5.0.0"
  checksum: 57bc7f8b025d83961b04db2f1eff6a87f2363c2891f3542a4b82471ff8ebb5d484af48e9784fcdb28ef1d48bb01f03d891966dc3ef58758e46ea32d750ce40f8
  languageName: node
  linkType: hard

"cross-spawn@npm:^7.0.3":
  version: 7.0.3
  resolution: "cross-spawn@npm:7.0.3"
  dependencies:
    path-key: "npm:^3.1.0"
    shebang-command: "npm:^2.0.0"
    which: "npm:^2.0.1"
  checksum: 5738c312387081c98d69c98e105b6327b069197f864a60593245d64c8089c8a0a744e16349281210d56835bb9274130d825a78b2ad6853ca13cfbeffc0c31750
  languageName: node
  linkType: hard

"debian-clean@workspace:packages/debian-clean":
  version: 0.0.0-use.local
  resolution: "debian-clean@workspace:packages/debian-clean"
  languageName: unknown
  linkType: soft

"default-browser-id@npm:^3.0.0":
  version: 3.0.0
  resolution: "default-browser-id@npm:3.0.0"
  dependencies:
    bplist-parser: "npm:^0.2.0"
    untildify: "npm:^4.0.0"
  checksum: 8db3ab882eb3e1e8b59d84c8641320e6c66d8eeb17eb4bb848b7dd549b1e6fd313988e4a13542e95fbaeff03f6e9dedc5ad191ad4df7996187753eb0d45c00b7
  languageName: node
  linkType: hard

"default-browser@npm:^4.0.0":
  version: 4.0.0
  resolution: "default-browser@npm:4.0.0"
  dependencies:
    bundle-name: "npm:^3.0.0"
    default-browser-id: "npm:^3.0.0"
    execa: "npm:^7.1.1"
    titleize: "npm:^3.0.0"
  checksum: 7c8848badc139ecf9d878e562bc4e7ab4301e51ba120b24d8dcb14739c30152115cc612065ac3ab73c02aace4afa29db5a044257b2f0cf234f16e3a58f6c925e
  languageName: node
  linkType: hard

"define-lazy-prop@npm:^3.0.0":
  version: 3.0.0
  resolution: "define-lazy-prop@npm:3.0.0"
  checksum: 5ab0b2bf3fa58b3a443140bbd4cd3db1f91b985cc8a246d330b9ac3fc0b6a325a6d82bddc0b055123d745b3f9931afeea74a5ec545439a1630b9c8512b0eeb49
  languageName: node
  linkType: hard

"execa@npm:^5.0.0":
  version: 5.1.1
  resolution: "execa@npm:5.1.1"
  dependencies:
    cross-spawn: "npm:^7.0.3"
    get-stream: "npm:^6.0.0"
    human-signals: "npm:^2.1.0"
    is-stream: "npm:^2.0.0"
    merge-stream: "npm:^2.0.0"
    npm-run-path: "npm:^4.0.1"
    onetime: "npm:^5.1.2"
    signal-exit: "npm:^3.0.3"
    strip-final-newline: "npm:^2.0.0"
  checksum: c8e615235e8de4c5addf2fa4c3da3e3aa59ce975a3e83533b4f6a71750fb816a2e79610dc5f1799b6e28976c9ae86747a36a606655bf8cb414a74d8d507b304f
  languageName: node
  linkType: hard

"execa@npm:^7.1.1":
  version: 7.2.0
  resolution: "execa@npm:7.2.0"
  dependencies:
    cross-spawn: "npm:^7.0.3"
    get-stream: "npm:^6.0.1"
    human-signals: "npm:^4.3.0"
    is-stream: "npm:^3.0.0"
    merge-stream: "npm:^2.0.0"
    npm-run-path: "npm:^5.1.0"
    onetime: "npm:^6.0.0"
    signal-exit: "npm:^3.0.7"
    strip-final-newline: "npm:^3.0.0"
  checksum: 098cd6a1bc26d509e5402c43f4971736450b84d058391820c6f237aeec6436963e006fd8423c9722f148c53da86aa50045929c7278b5522197dff802d10f9885
  languageName: node
  linkType: hard

"get-stream@npm:^6.0.0, get-stream@npm:^6.0.1":
  version: 6.0.1
  resolution: "get-stream@npm:6.0.1"
  checksum: 49825d57d3fd6964228e6200a58169464b8e8970489b3acdc24906c782fb7f01f9f56f8e6653c4a50713771d6658f7cfe051e5eb8c12e334138c9c918b296341
  languageName: node
  linkType: hard

"human-signals@npm:^2.1.0":
  version: 2.1.0
  resolution: "human-signals@npm:2.1.0"
  checksum: 695edb3edfcfe9c8b52a76926cd31b36978782062c0ed9b1192b36bebc75c4c87c82e178dfcb0ed0fc27ca59d434198aac0bd0be18f5781ded775604db22304a
  languageName: node
  linkType: hard

"human-signals@npm:^4.3.0":
  version: 4.3.1
  resolution: "human-signals@npm:4.3.1"
  checksum: 40498b33fe139f5cc4ef5d2f95eb1803d6318ac1b1c63eaf14eeed5484d26332c828de4a5a05676b6c83d7b9e57727c59addb4b1dea19cb8d71e83689e5b336c
  languageName: node
  linkType: hard

"is-docker@npm:^2.0.0":
  version: 2.2.1
  resolution: "is-docker@npm:2.2.1"
  bin:
    is-docker: cli.js
  checksum: e828365958d155f90c409cdbe958f64051d99e8aedc2c8c4cd7c89dcf35329daed42f7b99346f7828df013e27deb8f721cf9408ba878c76eb9e8290235fbcdcc
  languageName: node
  linkType: hard

"is-docker@npm:^3.0.0":
  version: 3.0.0
  resolution: "is-docker@npm:3.0.0"
  bin:
    is-docker: cli.js
  checksum: d2c4f8e6d3e34df75a5defd44991b6068afad4835bb783b902fa12d13ebdb8f41b2a199dcb0b5ed2cb78bfee9e4c0bbdb69c2d9646f4106464674d3e697a5856
  languageName: node
  linkType: hard

"is-inside-container@npm:^1.0.0":
  version: 1.0.0
  resolution: "is-inside-container@npm:1.0.0"
  dependencies:
    is-docker: "npm:^3.0.0"
  bin:
    is-inside-container: cli.js
  checksum: a8efb0e84f6197e6ff5c64c52890fa9acb49b7b74fed4da7c95383965da6f0fa592b4dbd5e38a79f87fc108196937acdbcd758fcefc9b140e479b39ce1fcd1cd
  languageName: node
  linkType: hard

"is-stream@npm:^2.0.0":
  version: 2.0.1
  resolution: "is-stream@npm:2.0.1"
  checksum: 7c284241313fc6efc329b8d7f08e16c0efeb6baab1b4cd0ba579eb78e5af1aa5da11e68559896a2067cd6c526bd29241dda4eb1225e627d5aa1a89a76d4635a5
  languageName: node
  linkType: hard

"is-stream@npm:^3.0.0":
  version: 3.0.0
  resolution: "is-stream@npm:3.0.0"
  checksum: eb2f7127af02ee9aa2a0237b730e47ac2de0d4e76a4a905a50a11557f2339df5765eaea4ceb8029f1efa978586abe776908720bfcb1900c20c6ec5145f6f29d8
  languageName: node
  linkType: hard

"is-wsl@npm:^2.2.0":
  version: 2.2.0
  resolution: "is-wsl@npm:2.2.0"
  dependencies:
    is-docker: "npm:^2.0.0"
  checksum: a6fa2d370d21be487c0165c7a440d567274fbba1a817f2f0bfa41cc5e3af25041d84267baa22df66696956038a43973e72fca117918c91431920bdef490fa25e
  languageName: node
  linkType: hard

"isexe@npm:^2.0.0":
  version: 2.0.0
  resolution: "isexe@npm:2.0.0"
  checksum: 228cfa503fadc2c31596ab06ed6aa82c9976eec2bfd83397e7eaf06d0ccf42cd1dfd6743bf9aeb01aebd4156d009994c5f76ea898d2832c1fe342da923ca457d
  languageName: node
  linkType: hard

"merge-stream@npm:^2.0.0":
  version: 2.0.0
  resolution: "merge-stream@npm:2.0.0"
  checksum: 867fdbb30a6d58b011449b8885601ec1690c3e41c759ecd5a9d609094f7aed0096c37823ff4a7190ef0b8f22cc86beb7049196ff68c016e3b3c671d0dac91ce5
  languageName: node
  linkType: hard

"mimic-fn@npm:^2.1.0":
  version: 2.1.0
  resolution: "mimic-fn@npm:2.1.0"
  checksum: b26f5479d7ec6cc2bce275a08f146cf78f5e7b661b18114e2506dd91ec7ec47e7a25bf4360e5438094db0560bcc868079fb3b1fb3892b833c1ecbf63f80c95a4
  languageName: node
  linkType: hard

"mimic-fn@npm:^4.0.0":
  version: 4.0.0
  resolution: "mimic-fn@npm:4.0.0"
  checksum: de9cc32be9996fd941e512248338e43407f63f6d497abe8441fa33447d922e927de54d4cc3c1a3c6d652857acd770389d5a3823f311a744132760ce2be15ccbf
  languageName: node
  linkType: hard

"npm-run-path@npm:^4.0.1":
  version: 4.0.1
  resolution: "npm-run-path@npm:4.0.1"
  dependencies:
    path-key: "npm:^3.0.0"
  checksum: 6f9353a95288f8455cf64cbeb707b28826a7f29690244c1e4bb61ec573256e021b6ad6651b394eb1ccfd00d6ec50147253aba2c5fe58a57ceb111fad62c519ac
  languageName: node
  linkType: hard

"npm-run-path@npm:^5.1.0":
  version: 5.2.0
  resolution: "npm-run-path@npm:5.2.0"
  dependencies:
    path-key: "npm:^4.0.0"
  checksum: 7963c1f98e42afebe9524a08b0881477ec145aab34f6018842a315422b25ad40e015bdee709b697571e5efda2ecfa2640ee917d92674e4de1166fa3532a211b1
  languageName: node
  linkType: hard

"onetime@npm:^5.1.2":
  version: 5.1.2
  resolution: "onetime@npm:5.1.2"
  dependencies:
    mimic-fn: "npm:^2.1.0"
  checksum: ffcef6fbb2692c3c40749f31ea2e22677a876daea92959b8a80b521d95cca7a668c884d8b2045d1d8ee7d56796aa405c405462af112a1477594cc63531baeb8f
  languageName: node
  linkType: hard

"onetime@npm:^6.0.0":
  version: 6.0.0
  resolution: "onetime@npm:6.0.0"
  dependencies:
    mimic-fn: "npm:^4.0.0"
  checksum: 4eef7c6abfef697dd4479345a4100c382d73c149d2d56170a54a07418c50816937ad09500e1ed1e79d235989d073a9bade8557122aee24f0576ecde0f392bb6c
  languageName: node
  linkType: hard

"open@npm:^9.1.0":
  version: 9.1.0
  resolution: "open@npm:9.1.0"
  dependencies:
    default-browser: "npm:^4.0.0"
    define-lazy-prop: "npm:^3.0.0"
    is-inside-container: "npm:^1.0.0"
    is-wsl: "npm:^2.2.0"
  checksum: 8073ec0dd8994a7a7d9bac208bd17d093993a65ce10f2eb9b62b6d3a91c9366ae903938a237c275493c130171d339f6dcbdd2a2de7e32953452c0867b97825af
  languageName: node
  linkType: hard

"path-key@npm:^3.0.0, path-key@npm:^3.1.0":
  version: 3.1.1
  resolution: "path-key@npm:3.1.1"
  checksum: 748c43efd5a569c039d7a00a03b58eecd1d75f3999f5a28303d75f521288df4823bc057d8784eb72358b2895a05f29a070bc9f1f17d28226cc4e62494cc58c4c
  languageName: node
  linkType: hard

"path-key@npm:^4.0.0":
  version: 4.0.0
  resolution: "path-key@npm:4.0.0"
  checksum: 794efeef32863a65ac312f3c0b0a99f921f3e827ff63afa5cb09a377e202c262b671f7b3832a4e64731003fa94af0263713962d317b9887bd1e0c48a342efba3
  languageName: node
  linkType: hard

"run-applescript@npm:^5.0.0":
  version: 5.0.0
  resolution: "run-applescript@npm:5.0.0"
  dependencies:
    execa: "npm:^5.0.0"
  checksum: f9977db5770929f3f0db434b8e6aa266498c70dec913c84320c0a06add510cf44e3a048c44da088abee312006f9cbf572fd065cdc8f15d7682afda8755f4114c
  languageName: node
  linkType: hard

"shebang-command@npm:^2.0.0":
  version: 2.0.0
  resolution: "shebang-command@npm:2.0.0"
  dependencies:
    shebang-regex: "npm:^3.0.0"
  checksum: a41692e7d89a553ef21d324a5cceb5f686d1f3c040759c50aab69688634688c5c327f26f3ecf7001ebfd78c01f3c7c0a11a7c8bfd0a8bc9f6240d4f40b224e4e
  languageName: node
  linkType: hard

"shebang-regex@npm:^3.0.0":
  version: 3.0.0
  resolution: "shebang-regex@npm:3.0.0"
  checksum: 1dbed0726dd0e1152a92696c76c7f06084eb32a90f0528d11acd764043aacf76994b2fb30aa1291a21bd019d6699164d048286309a278855ee7bec06cf6fb690
  languageName: node
  linkType: hard

"signal-exit@npm:^3.0.3, signal-exit@npm:^3.0.7":
  version: 3.0.7
  resolution: "signal-exit@npm:3.0.7"
  checksum: 25d272fa73e146048565e08f3309d5b942c1979a6f4a58a8c59d5fa299728e9c2fcd1a759ec870863b1fd38653670240cd420dad2ad9330c71f36608a6a1c912
  languageName: node
  linkType: hard

"strip-final-newline@npm:^2.0.0":
  version: 2.0.0
  resolution: "strip-final-newline@npm:2.0.0"
  checksum: bddf8ccd47acd85c0e09ad7375409d81653f645fda13227a9d459642277c253d877b68f2e5e4d819fe75733b0e626bac7e954c04f3236f6d196f79c94fa4a96f
  languageName: node
  linkType: hard

"strip-final-newline@npm:^3.0.0":
  version: 3.0.0
  resolution: "strip-final-newline@npm:3.0.0"
  checksum: a771a17901427bac6293fd416db7577e2bc1c34a19d38351e9d5478c3c415f523f391003b42ed475f27e33a78233035df183525395f731d3bfb8cdcbd4da08ce
  languageName: node
  linkType: hard

"stylus-boardgamegeek@workspace:.":
  version: 0.0.0-use.local
  resolution: "stylus-boardgamegeek@workspace:."
  languageName: unknown
  linkType: soft

"titleize@npm:^3.0.0":
  version: 3.0.0
  resolution: "titleize@npm:3.0.0"
  checksum: 5ae6084ba299b5782f95e3fe85ea9f0fa4d74b8ae722b6b3208157e975589fbb27733aeba4e5080fa9314a856044ef52caa61b87caea4b1baade951a55c06336
  languageName: node
  linkType: hard

"untildify@npm:^4.0.0":
  version: 4.0.0
  resolution: "untildify@npm:4.0.0"
  checksum: d758e624c707d49f76f7511d75d09a8eda7f2020d231ec52b67ff4896bcf7013be3f9522d8375f57e586e9a2e827f5641c7e06ee46ab9c435fc2b2b2e9de517a
  languageName: node
  linkType: hard

"which@npm:^2.0.1":
  version: 2.0.2
  resolution: "which@npm:2.0.2"
  dependencies:
    isexe: "npm:^2.0.0"
  bin:
    node-which: ./bin/node-which
  checksum: 66522872a768b60c2a65a57e8ad184e5372f5b6a9ca6d5f033d4b0dc98aff63995655a7503b9c0a2598936f532120e81dd8cc155e2e92ed662a2b9377cc4374f
  languageName: node
  linkType: hard
